github.com/drone/drone-plugin-go v0.0.0-20160112175251-d6109f644c59 h1:lc8w5rGVkaSLxr/Tm92YrFoICHGmstQ31Do9wvuvmt0=
github.com/drone/drone-plugin-go v0.0.0-20160112175251-d6109f644c59/go.mod h1:PSMBZt7yp90rISzQ1oYaMLKo2lLRE/0uToly1W5MBWk=
gopkg.in/check.v1 v0.0.0-20161208181325-20d25e280405/go.mod h1:Co6ibVJAznAaIkqp8huTwlJQCZ016jof/cbN4VW5Yz0=
gopkg.in/yaml.v2 v2.2.2 h1:ZCJp+EgiOT7lHqUV2J862kp8Qj64Jo6az82+3Td9dZw=
gopkg.in/yaml.v2 v2.2.2/go.mod h1:hI93XBmqTisBFMUTm0b8Fm+jr3Dg1NNxqwp+5A1VGuI=
